
Microsoft Visual Studio Solution File, Format Version 12.00
# Visual Studio Version 17
VisualStudioVersion = 17.14.36511.14
MinimumVisualStudioVersion = 10.0.40219.1
Project("{2150E333-8FDC-42A3-9474-1A3956D46DE8}") = "Task0", "Task0", "{02EA681E-C7D8-13C7-8484-4AC65E1B71E8}"
EndProject
Project("{FAE04EC0-301F-11D3-BF4B-00C04F79EFBC}") = "Tyuiu.RomanovichEN.Sprint4.Task0.V15.Lib", "Tyuiu.RomanovichEN.Sprint4.Task0.V15.Lib\Tyuiu.RomanovichEN.Sprint4.Task0.V15.Lib.csproj", "{CE442B5A-875B-44FC-BC83-1DB5CE9CF032}"
EndProject
Project("{FAE04EC0-301F-11D3-BF4B-00C04F79EFBC}") = "Tyuiu.RomanovichEN.Sprint4.Task0.V15", "Tyuiu.RomanovichEN.Sprint4.Task0.V15\Tyuiu.RomanovichEN.Sprint4.Task0.V15.csproj", "{3C56768B-C141-4FBB-9C1A-1AA4133D203F}"
EndProject
Project("{FAE04EC0-301F-11D3-BF4B-00C04F79EFBC}") = "Tyuiu.RomanovichEN.Sprint4.Task0.V15.Test", "Tyuiu.RomanovichEN.Sprint4.Task0.V15.Test\Tyuiu.RomanovichEN.Sprint4.Task0.V15.Test.csproj", "{33AC13DA-FA16-4B8E-8631-6BFF06BAA302}"
EndProject
Project("{2150E333-8FDC-42A3-9474-1A3956D46DE8}") = "Task1", "Task1", "{6DBA0BFC-1DEB-4952-9676-639C6E9A8F41}"
EndProject
Project("{FAE04EC0-301F-11D3-BF4B-00C04F79EFBC}") = "Tyuiu.RomanovichEN.Sprint4.Task1.V9.Lib", "Tyuiu.RomanovichEN.Sprint4.Task1.V9.Lib\Tyuiu.RomanovichEN.Sprint4.Task1.V9.Lib.csproj", "{90EEE32E-BBA3-4202-9F7E-672D74DC8E4B}"
EndProject
Project("{FAE04EC0-301F-11D3-BF4B-00C04F79EFBC}") = "Tyuiu.RomanovichEN.Sprint4.Task1.V9", "Tyuiu.RomanovichEN.Sprint4.Task1.V9\Tyuiu.RomanovichEN.Sprint4.Task1.V9.csproj", "{280E828C-ECFC-49AD-B9EB-8FE110C7A239}"
EndProject
Project("{FAE04EC0-301F-11D3-BF4B-00C04F79EFBC}") = "Tyuiu.RomanovichEN.Sprint4.Task1.V9.Test", "Tyuiu.RomanovichEN.Sprint4.Task1.V9.Test\Tyuiu.RomanovichEN.Sprint4.Task1.V9.Test.csproj", "{80B5E82B-A4C8-4ECF-8334-FEF4457A3D9E}"
EndProject
Project("{2150E333-8FDC-42A3-9474-1A3956D46DE8}") = "Task2", "Task2", "{EC61A5B3-3D13-4E14-B6D8-112C840F5E6A}"
EndProject
Project("{FAE04EC0-301F-11D3-BF4B-00C04F79EFBC}") = "Tyuiu.RomanovichEN.Sprint4.Task2.V1.Lib", "Tyuiu.RomanovichEN.Sprint4.Task2.V1.Lib\Tyuiu.RomanovichEN.Sprint4.Task2.V1.Lib.csproj", "{9CD84B68-7499-4C97-964C-727BFC0E757E}"
EndProject
Project("{FAE04EC0-301F-11D3-BF4B-00C04F79EFBC}") = "Tyuiu.RomanovichEN.Sprint4.Task2.V1", "Tyuiu.RomanovichEN.Sprint4.Task2.V1\Tyuiu.RomanovichEN.Sprint4.Task2.V1.csproj", "{2BF34C6A-6A96-4493-8239-7980307253ED}"
EndProject
Project("{FAE04EC0-301F-11D3-BF4B-00C04F79EFBC}") = "Tyuiu.RomanovichEN.Sprint4.Task2.V1.Test", "Tyuiu.RomanovichEN.Sprint4.Task2.V1.Test\Tyuiu.RomanovichEN.Sprint4.Task2.V1.Test.csproj", "{1D8EC25D-E2E2-4EE4-8269-53B43FDC3799}"
EndProject
Project("{2150E333-8FDC-42A3-9474-1A3956D46DE8}") = "Task3", "Task3", "{F1199152-6673-45C3-9F33-D35E239ECA4D}"
EndProject
Project("{FAE04EC0-301F-11D3-BF4B-00C04F79EFBC}") = "Tyuiu.RomanovichEN.Sprint4.Task3.V13.Lib", "Tyuiu.RomanovichEN.Sprint4.Task3.V13.Lib\Tyuiu.RomanovichEN.Sprint4.Task3.V13.Lib.csproj", "{F3D62677-B467-4B4B-8EB8-A443652A0E84}"
EndProject
Project("{FAE04EC0-301F-11D3-BF4B-00C04F79EFBC}") = "Tyuiu.RomanovichEN.Sprint4.Task3.V13", "Tyuiu.RomanovichEN.Sprint4.Task3.V13\Tyuiu.RomanovichEN.Sprint4.Task3.V13.csproj", "{B99F281D-80E9-4E0B-8127-98AB931DF59A}"
EndProject
Project("{FAE04EC0-301F-11D3-BF4B-00C04F79EFBC}") = "Tyuiu.RomanovichEN.Sprint4.Task3.V13.Test", "Tyuiu.RomanovichEN.Sprint4.Task3.V13.Test\Tyuiu.RomanovichEN.Sprint4.Task3.V13.Test.csproj", "{043E5D66-F917-4373-AC7A-6CA5AE4840F3}"
EndProject
Global
	GlobalSection(SolutionConfigurationPlatforms) = preSolution
		Debug|Any CPU = Debug|Any CPU
		Release|Any CPU = Release|Any CPU
	EndGlobalSection
	GlobalSection(ProjectConfigurationPlatforms) = postSolution
		{CE442B5A-875B-44FC-BC83-1DB5CE9CF032}.Debug|Any CPU.ActiveCfg = Debug|Any CPU
		{CE442B5A-875B-44FC-BC83-1DB5CE9CF032}.Debug|Any CPU.Build.0 = Debug|Any CPU
		{CE442B5A-875B-44FC-BC83-1DB5CE9CF032}.Release|Any CPU.ActiveCfg = Release|Any CPU
		{CE442B5A-875B-44FC-BC83-1DB5CE9CF032}.Release|Any CPU.Build.0 = Release|Any CPU
		{3C56768B-C141-4FBB-9C1A-1AA4133D203F}.Debug|Any CPU.ActiveCfg = Debug|Any CPU
		{3C56768B-C141-4FBB-9C1A-1AA4133D203F}.Debug|Any CPU.Build.0 = Debug|Any CPU
		{3C56768B-C141-4FBB-9C1A-1AA4133D203F}.Release|Any CPU.ActiveCfg = Release|Any CPU
		{3C56768B-C141-4FBB-9C1A-1AA4133D203F}.Release|Any CPU.Build.0 = Release|Any CPU
		{33AC13DA-FA16-4B8E-8631-6BFF06BAA302}.Debug|Any CPU.ActiveCfg = Debug|Any CPU
		{33AC13DA-FA16-4B8E-8631-6BFF06BAA302}.Debug|Any CPU.Build.0 = Debug|Any CPU
		{33AC13DA-FA16-4B8E-8631-6BFF06BAA302}.Release|Any CPU.ActiveCfg = Release|Any CPU
		{33AC13DA-FA16-4B8E-8631-6BFF06BAA302}.Release|Any CPU.Build.0 = Release|Any CPU
		{90EEE32E-BBA3-4202-9F7E-672D74DC8E4B}.Debug|Any CPU.ActiveCfg = Debug|Any CPU
		{90EEE32E-BBA3-4202-9F7E-672D74DC8E4B}.Debug|Any CPU.Build.0 = Debug|Any CPU
		{90EEE32E-BBA3-4202-9F7E-672D74DC8E4B}.Release|Any CPU.ActiveCfg = Release|Any CPU
		{90EEE32E-BBA3-4202-9F7E-672D74DC8E4B}.Release|Any CPU.Build.0 = Release|Any CPU
		{280E828C-ECFC-49AD-B9EB-8FE110C7A239}.Debug|Any CPU.ActiveCfg = Debug|Any CPU
		{280E828C-ECFC-49AD-B9EB-8FE110C7A239}.Debug|Any CPU.Build.0 = Debug|Any CPU
		{280E828C-ECFC-49AD-B9EB-8FE110C7A239}.Release|Any CPU.ActiveCfg = Release|Any CPU
		{280E828C-ECFC-49AD-B9EB-8FE110C7A239}.Release|Any CPU.Build.0 = Release|Any CPU
		{80B5E82B-A4C8-4ECF-8334-FEF4457A3D9E}.Debug|Any CPU.ActiveCfg = Debug|Any CPU
		{80B5E82B-A4C8-4ECF-8334-FEF4457A3D9E}.Debug|Any CPU.Build.0 = Debug|Any CPU
		{80B5E82B-A4C8-4ECF-8334-FEF4457A3D9E}.Release|Any CPU.ActiveCfg = Release|Any CPU
		{80B5E82B-A4C8-4ECF-8334-FEF4457A3D9E}.Release|Any CPU.Build.0 = Release|Any CPU
		{9CD84B68-7499-4C97-964C-727BFC0E757E}.Debug|Any CPU.ActiveCfg = Debug|Any CPU
		{9CD84B68-7499-4C97-964C-727BFC0E757E}.Debug|Any CPU.Build.0 = Debug|Any CPU
		{9CD84B68-7499-4C97-964C-727BFC0E757E}.Release|Any CPU.ActiveCfg = Release|Any CPU
		{9CD84B68-7499-4C97-964C-727BFC0E757E}.Release|Any CPU.Build.0 = Release|Any CPU
		{2BF34C6A-6A96-4493-8239-7980307253ED}.Debug|Any CPU.ActiveCfg = Debug|Any CPU
		{2BF34C6A-6A96-4493-8239-7980307253ED}.Debug|Any CPU.Build.0 = Debug|Any CPU
		{2BF34C6A-6A96-4493-8239-7980307253ED}.Release|Any CPU.ActiveCfg = Release|Any CPU
		{2BF34C6A-6A96-4493-8239-7980307253ED}.Release|Any CPU.Build.0 = Release|Any CPU
		{1D8EC25D-E2E2-4EE4-8269-53B43FDC3799}.Debug|Any CPU.ActiveCfg = Debug|Any CPU
		{1D8EC25D-E2E2-4EE4-8269-53B43FDC3799}.Debug|Any CPU.Build.0 = Debug|Any CPU
		{1D8EC25D-E2E2-4EE4-8269-53B43FDC3799}.Release|Any CPU.ActiveCfg = Release|Any CPU
		{1D8EC25D-E2E2-4EE4-8269-53B43FDC3799}.Release|Any CPU.Build.0 = Release|Any CPU
		{F3D62677-B467-4B4B-8EB8-A443652A0E84}.Debug|Any CPU.ActiveCfg = Debug|Any CPU
		{F3D62677-B467-4B4B-8EB8-A443652A0E84}.Debug|Any CPU.Build.0 = Debug|Any CPU
		{F3D62677-B467-4B4B-8EB8-A443652A0E84}.Release|Any CPU.ActiveCfg = Release|Any CPU
		{F3D62677-B467-4B4B-8EB8-A443652A0E84}.Release|Any CPU.Build.0 = Release|Any CPU
		{B99F281D-80E9-4E0B-8127-98AB931DF59A}.Debug|Any CPU.ActiveCfg = Debug|Any CPU
		{B99F281D-80E9-4E0B-8127-98AB931DF59A}.Debug|Any CPU.Build.0 = Debug|Any CPU
		{B99F281D-80E9-4E0B-8127-98AB931DF59A}.Release|Any CPU.ActiveCfg = Release|Any CPU
		{B99F281D-80E9-4E0B-8127-98AB931DF59A}.Release|Any CPU.Build.0 = Release|Any CPU
		{043E5D66-F917-4373-AC7A-6CA5AE4840F3}.Debug|Any CPU.ActiveCfg = Debug|Any CPU
		{043E5D66-F917-4373-AC7A-6CA5AE4840F3}.Debug|Any CPU.Build.0 = Debug|Any CPU
		{043E5D66-F917-4373-AC7A-6CA5AE4840F3}.Release|Any CPU.ActiveCfg = Release|Any CPU
		{043E5D66-F917-4373-AC7A-6CA5AE4840F3}.Release|Any CPU.Build.0 = Release|Any CPU
	EndGlobalSection
	GlobalSection(SolutionProperties) = preSolution
		HideSolutionNode = FALSE
	EndGlobalSection
	GlobalSection(NestedProjects) = preSolution
		{CE442B5A-875B-44FC-BC83-1DB5CE9CF032} = {02EA681E-C7D8-13C7-8484-4AC65E1B71E8}
		{3C56768B-C141-4FBB-9C1A-1AA4133D203F} = {02EA681E-C7D8-13C7-8484-4AC65E1B71E8}
		{33AC13DA-FA16-4B8E-8631-6BFF06BAA302} = {02EA681E-C7D8-13C7-8484-4AC65E1B71E8}
		{90EEE32E-BBA3-4202-9F7E-672D74DC8E4B} = {6DBA0BFC-1DEB-4952-9676-639C6E9A8F41}
		{280E828C-ECFC-49AD-B9EB-8FE110C7A239} = {6DBA0BFC-1DEB-4952-9676-639C6E9A8F41}
		{80B5E82B-A4C8-4ECF-8334-FEF4457A3D9E} = {6DBA0BFC-1DEB-4952-9676-639C6E9A8F41}
		{9CD84B68-7499-4C97-964C-727BFC0E757E} = {EC61A5B3-3D13-4E14-B6D8-112C840F5E6A}
		{2BF34C6A-6A96-4493-8239-7980307253ED} = {EC61A5B3-3D13-4E14-B6D8-112C840F5E6A}
		{1D8EC25D-E2E2-4EE4-8269-53B43FDC3799} = {EC61A5B3-3D13-4E14-B6D8-112C840F5E6A}
		{F3D62677-B467-4B4B-8EB8-A443652A0E84} = {F1199152-6673-45C3-9F33-D35E239ECA4D}
		{B99F281D-80E9-4E0B-8127-98AB931DF59A} = {F1199152-6673-45C3-9F33-D35E239ECA4D}
		{043E5D66-F917-4373-AC7A-6CA5AE4840F3} = {F1199152-6673-45C3-9F33-D35E239ECA4D}
	EndGlobalSection
	GlobalSection(ExtensibilityGlobals) = postSolution
		SolutionGuid = {CA55351A-9A35-4D0A-B728-6DA726B33F35}
	EndGlobalSection
EndGlobal
